
Microsoft Visual Studio Solution File, Format Version 12.00
# Visual Studio Version 16
VisualStudioVersion = 16.0.29709.97
MinimumVisualStudioVersion = 10.0.40219.1
Project("{FAE04EC0-301F-11D3-BF4B-00C04F79EFBC}") = "GitShapesTest", "GitShapesTest.csproj", "{570FDE8C-CF2B-4197-B605-0E266E35CD10}"
EndProject
Global
	GlobalSection(SolutionConfigurationPlatforms) = preSolution
		Debug|Any CPU = Debug|Any CPU
		Release|Any CPU = Release|Any CPU
	EndGlobalSection
	GlobalSection(ProjectConfigurationPlatforms) = postSolution
		{570FDE8C-CF2B-4197-B605-0E266E35CD10}.Debug|Any CPU.ActiveCfg = Debug|Any CPU
		{570FDE8C-CF2B-4197-B605-0E266E35CD10}.Debug|Any CPU.Build.0 = Debug|Any CPU
		{570FDE8C-CF2B-4197-B605-0E266E35CD10}.Release|Any CPU.ActiveCfg = Release|Any CPU
		{570FDE8C-CF2B-4197-B605-0E266E35CD10}.Release|Any CPU.Build.0 = Release|Any CPU
	EndGlobalSection
	GlobalSection(SolutionProperties) = preSolution
		HideSolutionNode = FALSE
	EndGlobalSection
	GlobalSection(ExtensibilityGlobals) = postSolution
		SolutionGuid = {1560273A-B415-4D8B-B707-476C66EFD5D9}
	EndGlobalSection
EndGlobal
